
Microsoft Visual Studio Solution File, Format Version 12.00
# Visual Studio Version 16
VisualStudioVersion = 16.0.30011.22
MinimumVisualStudioVersion = 10.0.40219.1
Project("{FAE04EC0-301F-11D3-BF4B-00C04F79EFBC}") = "Video Frame Colour Compiler", "Video Frame Colour Compiler.csproj", "{C54954BA-FC02-4601-8E6A-B4CC652D843E}"
EndProject
Global
	GlobalSection(SolutionConfigurationPlatforms) = preSolution
		Debug|Any CPU = Debug|Any CPU
		Release|Any CPU = Release|Any CPU
	EndGlobalSection
	GlobalSection(ProjectConfigurationPlatforms) = postSolution
		{C54954BA-FC02-4601-8E6A-B4CC652D843E}.Debug|Any CPU.ActiveCfg = Debug|Any CPU
		{C54954BA-FC02-4601-8E6A-B4CC652D843E}.Debug|Any CPU.Build.0 = Debug|Any CPU
		{C54954BA-FC02-4601-8E6A-B4CC652D843E}.Release|Any CPU.ActiveCfg = Release|Any CPU
		{C54954BA-FC02-4601-8E6A-B4CC652D843E}.Release|Any CPU.Build.0 = Release|Any CPU
	EndGlobalSection
	GlobalSection(SolutionProperties) = preSolution
		HideSolutionNode = FALSE
	EndGlobalSection
	GlobalSection(ExtensibilityGlobals) = postSolution
		SolutionGuid = {B86BE642-44CB-46A3-B802-41A1699BB12D}
	EndGlobalSection
EndGlobal
